
Microsoft Visual Studio Solution File, Format Version 12.00
# Visual Studio Version 17
VisualStudioVersion = 17.1.32421.90
MinimumVisualStudioVersion = 10.0.40219.1
Project("{9A19103F-16F7-4668-BE54-9A1E7A4F7556}") = "MVC", "MVC\MVC.csproj", "{E5EBAB7C-1A0D-46DE-934A-7B6D727202B7}"
EndProject
Project("{9A19103F-16F7-4668-BE54-9A1E7A4F7556}") = "Infra", "Infra\Infra.csproj", "{D8F83C42-AD3A-4E5F-B617-F56329325248}"
EndProject
Project("{9A19103F-16F7-4668-BE54-9A1E7A4F7556}") = "Data", "Data\Data.csproj", "{667C8D11-DC20-4F4B-BF0A-AE30CD75647D}"
EndProject
Project("{9A19103F-16F7-4668-BE54-9A1E7A4F7556}") = "API", "API\API.csproj", "{639C8961-7D18-4BD5-8D6D-6BA818B9DF05}"
	ProjectSection(ProjectDependencies) = postProject
		{667C8D11-DC20-4F4B-BF0A-AE30CD75647D} = {667C8D11-DC20-4F4B-BF0A-AE30CD75647D}
	EndProjectSection
EndProject
Global
	GlobalSection(SolutionConfigurationPlatforms) = preSolution
		Debug|Any CPU = Debug|Any CPU
		Release|Any CPU = Release|Any CPU
	EndGlobalSection
	GlobalSection(ProjectConfigurationPlatforms) = postSolution
		{E5EBAB7C-1A0D-46DE-934A-7B6D727202B7}.Debug|Any CPU.ActiveCfg = Debug|Any CPU
		{E5EBAB7C-1A0D-46DE-934A-7B6D727202B7}.Debug|Any CPU.Build.0 = Debug|Any CPU
		{E5EBAB7C-1A0D-46DE-934A-7B6D727202B7}.Release|Any CPU.ActiveCfg = Release|Any CPU
		{E5EBAB7C-1A0D-46DE-934A-7B6D727202B7}.Release|Any CPU.Build.0 = Release|Any CPU
		{D8F83C42-AD3A-4E5F-B617-F56329325248}.Debug|Any CPU.ActiveCfg = Debug|Any CPU
		{D8F83C42-AD3A-4E5F-B617-F56329325248}.Debug|Any CPU.Build.0 = Debug|Any CPU
		{D8F83C42-AD3A-4E5F-B617-F56329325248}.Release|Any CPU.ActiveCfg = Release|Any CPU
		{D8F83C42-AD3A-4E5F-B617-F56329325248}.Release|Any CPU.Build.0 = Release|Any CPU
		{667C8D11-DC20-4F4B-BF0A-AE30CD75647D}.Debug|Any CPU.ActiveCfg = Debug|Any CPU
		{667C8D11-DC20-4F4B-BF0A-AE30CD75647D}.Debug|Any CPU.Build.0 = Debug|Any CPU
		{667C8D11-DC20-4F4B-BF0A-AE30CD75647D}.Release|Any CPU.ActiveCfg = Release|Any CPU
		{667C8D11-DC20-4F4B-BF0A-AE30CD75647D}.Release|Any CPU.Build.0 = Release|Any CPU
		{639C8961-7D18-4BD5-8D6D-6BA818B9DF05}.Debug|Any CPU.ActiveCfg = Debug|Any CPU
		{639C8961-7D18-4BD5-8D6D-6BA818B9DF05}.Debug|Any CPU.Build.0 = Debug|Any CPU
		{639C8961-7D18-4BD5-8D6D-6BA818B9DF05}.Release|Any CPU.ActiveCfg = Release|Any CPU
		{639C8961-7D18-4BD5-8D6D-6BA818B9DF05}.Release|Any CPU.Build.0 = Release|Any CPU
	EndGlobalSection
	GlobalSection(SolutionProperties) = preSolution
		HideSolutionNode = FALSE
	EndGlobalSection
	GlobalSection(ExtensibilityGlobals) = postSolution
		SolutionGuid = {3A94F499-AA16-4341-BF89-758E7A29395C}
	EndGlobalSection
EndGlobal
